
Microsoft Visual Studio Solution File, Format Version 12.00
Project("{2150E333-8FDC-42A3-9474-1A3956D46DE8}") = "src", "src", "{520F3DD6-84CD-4B03-93D7-8BF1B1C75242}"
EndProject
Project("{2150E333-8FDC-42A3-9474-1A3956D46DE8}") = "services", "services", "{CECBB360-D60F-460A-A6E4-8E3C3605CCA1}"
EndProject
Project("{2150E333-8FDC-42A3-9474-1A3956D46DE8}") = "building-blocks", "building-blocks", "{3F332BC7-E2E0-4E64-B0EB-9DD79AABBB24}"
EndProject
Project("{FAE04EC0-301F-11D3-BF4B-00C04F79EFBC}") = "eShop.Basket.API", "src\services\eShop.Basket.API\eShop.Basket.API.csproj", "{F41B2FB1-91D3-4437-8E91-16ABC13F471B}"
EndProject
Project("{FAE04EC0-301F-11D3-BF4B-00C04F79EFBC}") = "eShop.Catalog.API", "src\services\eShop.Catalog.API\eShop.Catalog.API.csproj", "{BE5A61AB-58D5-4D3E-B8E5-EEA77B84C3D2}"
EndProject
Project("{FAE04EC0-301F-11D3-BF4B-00C04F79EFBC}") = "eShop.Discount.Grpc", "src\services\eShop.Discount.Grpc\eShop.Discount.Grpc.csproj", "{F5544F9D-0088-4785-B79B-45C6875DD003}"
EndProject
Project("{FAE04EC0-301F-11D3-BF4B-00C04F79EFBC}") = "eShop.Ordering.API", "src\services\eShop.Ordering.API\eShop.Ordering.API.csproj", "{241A4A8F-59B6-4573-95F8-0E01D2B0152C}"
EndProject
Project("{2150E333-8FDC-42A3-9474-1A3956D46DE8}") = "api-gateways", "api-gateways", "{AE00AAA3-652E-4E7C-B90D-30FE6F23338D}"
EndProject
Project("{FAE04EC0-301F-11D3-BF4B-00C04F79EFBC}") = "eShop.Shared", "src\building-blocks\eShop.Shared\eShop.Shared.csproj", "{2B984C56-1B01-4B48-AF72-FA3C0F1AF8A9}"
EndProject
Project("{2150E333-8FDC-42A3-9474-1A3956D46DE8}") = "Solution Items", "Solution Items", "{18A57F7A-29BA-4819-97D6-0A032473E14D}"
	ProjectSection(SolutionItems) = preProject
		docker-compose.yml = docker-compose.yml
	EndProjectSection
EndProject
Global
	GlobalSection(SolutionConfigurationPlatforms) = preSolution
		Debug|Any CPU = Debug|Any CPU
		Release|Any CPU = Release|Any CPU
	EndGlobalSection
	GlobalSection(NestedProjects) = preSolution
		{CECBB360-D60F-460A-A6E4-8E3C3605CCA1} = {520F3DD6-84CD-4B03-93D7-8BF1B1C75242}
		{3F332BC7-E2E0-4E64-B0EB-9DD79AABBB24} = {520F3DD6-84CD-4B03-93D7-8BF1B1C75242}
		{F41B2FB1-91D3-4437-8E91-16ABC13F471B} = {CECBB360-D60F-460A-A6E4-8E3C3605CCA1}
		{BE5A61AB-58D5-4D3E-B8E5-EEA77B84C3D2} = {CECBB360-D60F-460A-A6E4-8E3C3605CCA1}
		{F5544F9D-0088-4785-B79B-45C6875DD003} = {CECBB360-D60F-460A-A6E4-8E3C3605CCA1}
		{241A4A8F-59B6-4573-95F8-0E01D2B0152C} = {CECBB360-D60F-460A-A6E4-8E3C3605CCA1}
		{AE00AAA3-652E-4E7C-B90D-30FE6F23338D} = {520F3DD6-84CD-4B03-93D7-8BF1B1C75242}
		{2B984C56-1B01-4B48-AF72-FA3C0F1AF8A9} = {3F332BC7-E2E0-4E64-B0EB-9DD79AABBB24}
	EndGlobalSection
	GlobalSection(ProjectConfigurationPlatforms) = postSolution
		{F41B2FB1-91D3-4437-8E91-16ABC13F471B}.Debug|Any CPU.ActiveCfg = Debug|Any CPU
		{F41B2FB1-91D3-4437-8E91-16ABC13F471B}.Debug|Any CPU.Build.0 = Debug|Any CPU
		{F41B2FB1-91D3-4437-8E91-16ABC13F471B}.Release|Any CPU.ActiveCfg = Release|Any CPU
		{F41B2FB1-91D3-4437-8E91-16ABC13F471B}.Release|Any CPU.Build.0 = Release|Any CPU
		{BE5A61AB-58D5-4D3E-B8E5-EEA77B84C3D2}.Debug|Any CPU.ActiveCfg = Debug|Any CPU
		{BE5A61AB-58D5-4D3E-B8E5-EEA77B84C3D2}.Debug|Any CPU.Build.0 = Debug|Any CPU
		{BE5A61AB-58D5-4D3E-B8E5-EEA77B84C3D2}.Release|Any CPU.ActiveCfg = Release|Any CPU
		{BE5A61AB-58D5-4D3E-B8E5-EEA77B84C3D2}.Release|Any CPU.Build.0 = Release|Any CPU
		{F5544F9D-0088-4785-B79B-45C6875DD003}.Debug|Any CPU.ActiveCfg = Debug|Any CPU
		{F5544F9D-0088-4785-B79B-45C6875DD003}.Debug|Any CPU.Build.0 = Debug|Any CPU
		{F5544F9D-0088-4785-B79B-45C6875DD003}.Release|Any CPU.ActiveCfg = Release|Any CPU
		{F5544F9D-0088-4785-B79B-45C6875DD003}.Release|Any CPU.Build.0 = Release|Any CPU
		{241A4A8F-59B6-4573-95F8-0E01D2B0152C}.Debug|Any CPU.ActiveCfg = Debug|Any CPU
		{241A4A8F-59B6-4573-95F8-0E01D2B0152C}.Debug|Any CPU.Build.0 = Debug|Any CPU
		{241A4A8F-59B6-4573-95F8-0E01D2B0152C}.Release|Any CPU.ActiveCfg = Release|Any CPU
		{241A4A8F-59B6-4573-95F8-0E01D2B0152C}.Release|Any CPU.Build.0 = Release|Any CPU
		{2B984C56-1B01-4B48-AF72-FA3C0F1AF8A9}.Debug|Any CPU.ActiveCfg = Debug|Any CPU
		{2B984C56-1B01-4B48-AF72-FA3C0F1AF8A9}.Debug|Any CPU.Build.0 = Debug|Any CPU
		{2B984C56-1B01-4B48-AF72-FA3C0F1AF8A9}.Release|Any CPU.ActiveCfg = Release|Any CPU
		{2B984C56-1B01-4B48-AF72-FA3C0F1AF8A9}.Release|Any CPU.Build.0 = Release|Any CPU
	EndGlobalSection
EndGlobal
